<?xml version="1.0" encoding="utf-8"?>
<Project ToolsVersion="4.0" xmlns="http://schemas.microsoft.com/developer/msbuild/2003">
  <ItemGroup>
    <Filter Include="Исходные файлы">
      <UniqueIdentifier>{4FC737F1-C7A5-4376-A066-2A32D752A2FF}</UniqueIdentifier>
      <Extensions>cpp;c;cc;cxx;c++;cppm;ixx;def;odl;idl;hpj;bat;asm;asmx</Extensions>
    </Filter>
    <Filter Include="Файлы заголовков">
      <UniqueIdentifier>{93995380-89BD-4b04-88EB-625FBE52EBFB}</UniqueIdentifier>
      <Extensions>h;hh;hpp;hxx;h++;hm;inl;inc;ipp;xsd</Extensions>
    </Filter>
    <Filter Include="Файлы ресурсов">
      <UniqueIdentifier>{67DA6AB6-F800-4c08-8B7A-83BB121AAD01}</UniqueIdentifier>
      <Extensions>rc;ico;cur;bmp;dlg;rc2;rct;bin;rgs;gif;jpg;jpeg;jpe;resx;tiff;tif;png;wav;mfcribbon-ms</Extensions>
    </Filter>
  </ItemGroup>
  <ItemGroup>
    <ClInclude Include="test_util.h">
      <Filter>Файлы заголовков</Filter>
    </ClInclude>
    <ClInclude Include="yara.h">
      <Filter>Файлы заголовков</Filter>
    </ClInclude>
    <ClInclude Include="yara_ahocorasick.h">
      <Filter>Файлы заголовков</Filter>
    </ClInclude>
    <ClInclude Include="yara_arena.h">
      <Filter>Файлы заголовков</Filter>
    </ClInclude>
    <ClInclude Include="yara_atoms.h">
      <Filter>Файлы заголовков</Filter>
    </ClInclude>
    <ClInclude Include="yara_authenticode.h">
      <Filter>Файлы заголовков</Filter>
    </ClInclude>
    <ClInclude Include="yara_base64.h">
      <Filter>Файлы заголовков</Filter>
    </ClInclude>
    <ClInclude Include="yara_bitmask.h">
      <Filter>Файлы заголовков</Filter>
    </ClInclude>
    <ClInclude Include="yara_compiler.h">
      <Filter>Файлы заголовков</Filter>
    </ClInclude>
    <ClInclude Include="yara_dex.h">
      <Filter>Файлы заголовков</Filter>
    </ClInclude>
    <ClInclude Include="yara_dotnet.h">
      <Filter>Файлы заголовков</Filter>
    </ClInclude>
    <ClInclude Include="yara_elf.h">
      <Filter>Файлы заголовков</Filter>
    </ClInclude>
    <ClInclude Include="yara_elf_utils.h">
      <Filter>Файлы заголовков</Filter>
    </ClInclude>
    <ClInclude Include="yara_endian.h">
      <Filter>Файлы заголовков</Filter>
    </ClInclude>
    <ClInclude Include="yara_error.h">
      <Filter>Файлы заголовков</Filter>
    </ClInclude>
    <ClInclude Include="yara_exec.h">
      <Filter>Файлы заголовков</Filter>
    </ClInclude>
    <ClInclude Include="yara_exefiles.h">
      <Filter>Файлы заголовков</Filter>
    </ClInclude>
    <ClInclude Include="yara_filemap.h">
      <Filter>Файлы заголовков</Filter>
    </ClInclude>
    <ClInclude Include="yara_globals.h">
      <Filter>Файлы заголовков</Filter>
    </ClInclude>
    <ClInclude Include="yara_hash.h">
      <Filter>Файлы заголовков</Filter>
    </ClInclude>
    <ClInclude Include="yara_hex_lexer.h">
      <Filter>Файлы заголовков</Filter>
    </ClInclude>
    <ClInclude Include="yara_integers.h">
      <Filter>Файлы заголовков</Filter>
    </ClInclude>
    <ClInclude Include="yara_lexer.h">
      <Filter>Файлы заголовков</Filter>
    </ClInclude>
    <ClInclude Include="yara_libyara.h">
      <Filter>Файлы заголовков</Filter>
    </ClInclude>
    <ClInclude Include="yara_limits.h">
      <Filter>Файлы заголовков</Filter>
    </ClInclude>
    <ClInclude Include="yara_macho.h">
      <Filter>Файлы заголовков</Filter>
    </ClInclude>
    <ClInclude Include="yara_mem.h">
      <Filter>Файлы заголовков</Filter>
    </ClInclude>
    <ClInclude Include="yara_modules.h">
      <Filter>Файлы заголовков</Filter>
    </ClInclude>
    <ClInclude Include="yara_notebook.h">
      <Filter>Файлы заголовков</Filter>
    </ClInclude>
    <ClInclude Include="yara_object.h">
      <Filter>Файлы заголовков</Filter>
    </ClInclude>
    <ClInclude Include="yara_parser.h">
      <Filter>Файлы заголовков</Filter>
    </ClInclude>
    <ClInclude Include="yara_pe.h">
      <Filter>Файлы заголовков</Filter>
    </ClInclude>
    <ClInclude Include="yara_pe_utils.h">
      <Filter>Файлы заголовков</Filter>
    </ClInclude>
    <ClInclude Include="yara_proc.h">
      <Filter>Файлы заголовков</Filter>
    </ClInclude>
    <ClInclude Include="yara_re.h">
      <Filter>Файлы заголовков</Filter>
    </ClInclude>
    <ClInclude Include="yara_re_lexer.h">
      <Filter>Файлы заголовков</Filter>
    </ClInclude>
    <ClInclude Include="yara_rules.h">
      <Filter>Файлы заголовков</Filter>
    </ClInclude>
    <ClInclude Include="yara_scan.h">
      <Filter>Файлы заголовков</Filter>
    </ClInclude>
    <ClInclude Include="yara_scanner.h">
      <Filter>Файлы заголовков</Filter>
    </ClInclude>
    <ClInclude Include="yara_simple_str.h">
      <Filter>Файлы заголовков</Filter>
    </ClInclude>
    <ClInclude Include="yara_sizedstr.h">
      <Filter>Файлы заголовков</Filter>
    </ClInclude>
    <ClInclude Include="yara_stack.h">
      <Filter>Файлы заголовков</Filter>
    </ClInclude>
    <ClInclude Include="yara_stopwatch.h">
      <Filter>Файлы заголовков</Filter>
    </ClInclude>
    <ClInclude Include="yara_stream.h">
      <Filter>Файлы заголовков</Filter>
    </ClInclude>
    <ClInclude Include="yara_strutils.h">
      <Filter>Файлы заголовков</Filter>
    </ClInclude>
    <ClInclude Include="yara_threading.h">
      <Filter>Файлы заголовков</Filter>
    </ClInclude>
    <ClInclude Include="yara_tlsh.h">
      <Filter>Файлы заголовков</Filter>
    </ClInclude>
    <ClInclude Include="yara_types.h">
      <Filter>Файлы заголовков</Filter>
    </ClInclude>
    <ClInclude Include="yara_unaligned.h">
      <Filter>Файлы заголовков</Filter>
    </ClInclude>
    <ClInclude Include="yara_utils.h">
      <Filter>Файлы заголовков</Filter>
    </ClInclude>
    <ClInclude Include="ThamaraProvider.h">
      <Filter>Файлы заголовков</Filter>
    </ClInclude>
  </ItemGroup>
  <ItemGroup>
    <ClCompile Include="ThamaraProvider.cpp">
      <Filter>Исходные файлы</Filter>
    </ClCompile>
  </ItemGroup>
</Project>